
Microsoft Visual Studio Solution File, Format Version 12.00
# Visual Studio Version 16
VisualStudioVersion = 16.0.30114.105
MinimumVisualStudioVersion = 10.0.40219.1
Project("{FAE04EC0-301F-11D3-BF4B-00C04F79EFBC}") = "AdminService", "AdminService\AdminService.csproj", "{50D8F99B-628B-4A0A-A39E-DFE47FE5F157}"
EndProject
Project("{FAE04EC0-301F-11D3-BF4B-00C04F79EFBC}") = "AdminServiceTest", "AdminServiceTest\AdminServiceTest.csproj", "{191C7B16-B231-48CC-8361-73B0A30AB49A}"
EndProject
Global
	GlobalSection(SolutionConfigurationPlatforms) = preSolution
		Debug|Any CPU = Debug|Any CPU
		Release|Any CPU = Release|Any CPU
	EndGlobalSection
	GlobalSection(SolutionProperties) = preSolution
		HideSolutionNode = FALSE
	EndGlobalSection
	GlobalSection(ProjectConfigurationPlatforms) = postSolution
		{50D8F99B-628B-4A0A-A39E-DFE47FE5F157}.Debug|Any CPU.ActiveCfg = Debug|Any CPU
		{50D8F99B-628B-4A0A-A39E-DFE47FE5F157}.Debug|Any CPU.Build.0 = Debug|Any CPU
		{50D8F99B-628B-4A0A-A39E-DFE47FE5F157}.Release|Any CPU.ActiveCfg = Release|Any CPU
		{50D8F99B-628B-4A0A-A39E-DFE47FE5F157}.Release|Any CPU.Build.0 = Release|Any CPU
		{191C7B16-B231-48CC-8361-73B0A30AB49A}.Debug|Any CPU.ActiveCfg = Debug|Any CPU
		{191C7B16-B231-48CC-8361-73B0A30AB49A}.Debug|Any CPU.Build.0 = Debug|Any CPU
		{191C7B16-B231-48CC-8361-73B0A30AB49A}.Release|Any CPU.ActiveCfg = Release|Any CPU
		{191C7B16-B231-48CC-8361-73B0A30AB49A}.Release|Any CPU.Build.0 = Release|Any CPU
	EndGlobalSection
EndGlobal
